
Microsoft Visual Studio Solution File, Format Version 12.00
# Visual Studio 14
VisualStudioVersion = 14.0.24720.0
MinimumVisualStudioVersion = 10.0.40219.1
Project("{FAE04EC0-301F-11D3-BF4B-00C04F79EFBC}") = "Game", "MazeTest\Game.csproj", "{F84BADE9-6B2B-4A8F-9CDC-9081B730BBB4}"
EndProject
Project("{2150E333-8FDC-42A3-9474-1A3956D46DE8}") = "Solution Items", "Solution Items", "{A94C677B-0269-4FE1-91A3-014BE3BA1FB5}"
	ProjectSection(SolutionItems) = preProject
		MazeTest\bin\Debug\Abilities.csv = MazeTest\bin\Debug\Abilities.csv
		MazeTest\bin\Debug\Classes.csv = MazeTest\bin\Debug\Classes.csv
		MazeTest\bin\Debug\GenerationNumbers.csv = MazeTest\bin\Debug\GenerationNumbers.csv
		MazeTest\bin\Debug\Names.csv = MazeTest\bin\Debug\Names.csv
		MazeTest\bin\Debug\Special.csv = MazeTest\bin\Debug\Special.csv
		MazeTest\bin\Debug\Stats.csv = MazeTest\bin\Debug\Stats.csv
	EndProjectSection
EndProject
Global
	GlobalSection(SolutionConfigurationPlatforms) = preSolution
		Debug|Any CPU = Debug|Any CPU
		Release|Any CPU = Release|Any CPU
	EndGlobalSection
	GlobalSection(ProjectConfigurationPlatforms) = postSolution
		{F84BADE9-6B2B-4A8F-9CDC-9081B730BBB4}.Debug|Any CPU.ActiveCfg = Debug|Any CPU
		{F84BADE9-6B2B-4A8F-9CDC-9081B730BBB4}.Debug|Any CPU.Build.0 = Debug|Any CPU
		{F84BADE9-6B2B-4A8F-9CDC-9081B730BBB4}.Release|Any CPU.ActiveCfg = Release|Any CPU
		{F84BADE9-6B2B-4A8F-9CDC-9081B730BBB4}.Release|Any CPU.Build.0 = Release|Any CPU
	EndGlobalSection
	GlobalSection(SolutionProperties) = preSolution
		HideSolutionNode = FALSE
	EndGlobalSection
EndGlobal
